// !$*UTF8*$!
{
	archiveVersion = 1;
	classes = {
	};
	objectVersion = 50;
	objects = {

/* Begin PBXBuildFile section */
		C7D78BFC251CBB9C001757EA /* AppDelegate.m in Sources */ = {isa = PBXBuildFile; fileRef = C7D78BFB251CBB9C001757EA /* AppDelegate.m */; };
		C7D78BFF251CBB9C001757EA /* ViewController.m in Sources */ = {isa = PBXBuildFile; fileRef = C7D78BFE251CBB9C001757EA /* ViewController.m */; };
		C7D78C01251CBB9D001757EA /* Assets.xcassets in Resources */ = {isa = PBXBuildFile; fileRef = C7D78C00251CBB9D001757EA /* Assets.xcassets */; };
		C7D78C04251CBB9D001757EA /* Main.storyboard in Resources */ = {isa = PBXBuildFile; fileRef = C7D78C02251CBB9D001757EA /* Main.storyboard */; };
		C7D78C07251CBB9D001757EA /* main.m in Sources */ = {isa = PBXBuildFile; fileRef = C7D78C06251CBB9D001757EA /* main.m */; };
/* End PBXBuildFile section */

/* Begin PBXFileReference section */
		C7D78BF7251CBB9C001757EA /* HookedCalculatorLauncher.app */ = {isa = PBXFileReference; explicitFileType = wrapper.application; includeInIndex = 0; path = HookedCalculatorLauncher.app; sourceTree = BUILT_PRODUCTS_DIR; };
		C7D78BFA251CBB9C001757EA /* AppDelegate.h */ = {isa = PBXFileReference; lastKnownFileType = sourcecode.c.h; path = AppDelegate.h; sourceTree = "<group>"; };
		C7D78BFB251CBB9C001757EA /* AppDelegate.m */ = {isa = PBXFileReference; lastKnownFileType = sourcecode.c.objc; path = AppDelegate.m; sourceTree = "<group>"; };
		C7D78BFD251CBB9C001757EA /* ViewController.h */ = {isa = PBXFileReference; lastKnownFileType = sourcecode.c.h; path = ViewController.h; sourceTree = "<group>"; };
		C7D78BFE251CBB9C001757EA /* ViewController.m */ = {isa = PBXFileReference; lastKnownFileType = sourcecode.c.objc; path = ViewController.m; sourceTree = "<group>"; };
		C7D78C00251CBB9D001757EA /* Assets.xcassets */ = {isa = PBXFileReference; lastKnownFileType = folder.assetcatalog; path = Assets.xcassets; sourceTree = "<group>"; };
		C7D78C03251CBB9D001757EA /* Base */ = {isa = PBXFileReference; lastKnownFileType = file.storyboard; name = Base; path = Base.lproj/Main.storyboard; sourceTree = "<group>"; };
		C7D78C05251CBB9D001757EA /* Info.plist */ = {isa = PBXFileReference; lastKnownFileType = text.plist.xml; path = Info.plist; sourceTree = "<group>"; };
		C7D78C06251CBB9D001757EA /* main.m */ = {isa = PBXFileReference; lastKnownFileType = sourcecode.c.objc; path = main.m; sourceTree = "<group>"; };
		C7D78C08251CBB9D001757EA /* HookedCalculatorLauncher.entitlements */ = {isa = PBXFileReference; lastKnownFileType = text.plist.entitlements; path = HookedCalculatorLauncher.entitlements; sourceTree = "<group>"; };
/* End PBXFileReference section */

/* Begin PBXFrameworksBuildPhase section */
		C7D78BF4251CBB9C001757EA /* Frameworks */ = {
			isa = PBXFrameworksBuildPhase;
			buildActionMask = 2147483647;
			files = (
			);
			runOnlyForDeploymentPostprocessing = 0;
		};
/* End PBXFrameworksBuildPhase section */

/* Begin PBXGroup section */
		C7D78BEE251CBB9C001757EA = {
			isa = PBXGroup;
			children = (
				C7D78BF9251CBB9C001757EA /* HookedCalculatorLauncher */,
				C7D78BF8251CBB9C001757EA /* Products */,
			);
			sourceTree = "<group>";
		};
		C7D78BF8251CBB9C001757EA /* Products */ = {
			isa = PBXGroup;
			children = (
				C7D78BF7251CBB9C001757EA /* HookedCalculatorLauncher.app */,
			);
			name = Products;
			sourceTree = "<group>";
		};
		C7D78BF9251CBB9C001757EA /* HookedCalculatorLauncher */ = {
			isa = PBXGroup;
			children = (
				C7D78BFA251CBB9C001757EA /* AppDelegate.h */,
				C7D78BFB251CBB9C001757EA /* AppDelegate.m */,
				C7D78BFD251CBB9C001757EA /* ViewController.h */,
				C7D78BFE251CBB9C001757EA /* ViewController.m */,
				C7D78C00251CBB9D001757EA /* Assets.xcassets */,
				C7D78C02251CBB9D001757EA /* Main.storyboard */,
				C7D78C05251CBB9D001757EA /* Info.plist */,
				C7D78C06251CBB9D001757EA /* main.m */,
				C7D78C08251CBB9D001757EA /* HookedCalculatorLauncher.entitlements */,
			);
			path = HookedCalculatorLauncher;
			sourceTree = "<group>";
		};
/* End PBXGroup section */

/* Begin PBXNativeTarget section */
		C7D78BF6251CBB9C001757EA /* HookedCalculatorLauncher */ = {
			isa = PBXNativeTarget;
			buildConfigurationList = C7D78C0B251CBB9D001757EA /* Build configuration list for PBXNativeTarget "HookedCalculatorLauncher" */;
			buildPhases = (
				C7D78BF3251CBB9C001757EA /* Sources */,
				C7D78BF4251CBB9C001757EA /* Frameworks */,
				C7D78BF5251CBB9C001757EA /* Resources */,
			);
			buildRules = (
			);
			dependencies = (
			);
			name = HookedCalculatorLauncher;
			productName = HookedCalculatorLauncher;
			productReference = C7D78BF7251CBB9C001757EA /* HookedCalculatorLauncher.app */;
			productType = "com.apple.product-type.application";
		};
/* End PBXNativeTarget section */

/* Begin PBXProject section */
		C7D78BEF251CBB9C001757EA /* Project object */ = {
			isa = PBXProject;
			attributes = {
				LastUpgradeCheck = 1200;
				TargetAttributes = {
					C7D78BF6251CBB9C001757EA = {
						CreatedOnToolsVersion = 12.0;
					};
				};
			};
			buildConfigurationList = C7D78BF2251CBB9C001757EA /* Build configuration list for PBXProject "HookedCalculatorLauncher" */;
			compatibilityVersion = "Xcode 9.3";
			developmentRegion = en;
			hasScannedForEncodings = 0;
			knownRegions = (
				en,
				Base,
			);
			mainGroup = C7D78BEE251CBB9C001757EA;
			productRefGroup = C7D78BF8251CBB9C001757EA /* Products */;
			projectDirPath = "";
			projectRoot = "";
			targets = (
				C7D78BF6251CBB9C001757EA /* HookedCalculatorLauncher */,
			);
		};
/* End PBXProject section */

/* Begin PBXResourcesBuildPhase section */
		C7D78BF5251CBB9C001757EA /* Resources */ = {
			isa = PBXResourcesBuildPhase;
			buildActionMask = 2147483647;
			files = (
				C7D78C01251CBB9D001757EA /* Assets.xcassets in Resources */,
				C7D78C04251CBB9D001757EA /* Main.storyboard in Resources */,
			);
			runOnlyForDeploymentPostprocessing = 0;
		};
/* End PBXResourcesBuildPhase section */

/* Begin PBXSourcesBuildPhase section */
		C7D78BF3251CBB9C001757EA /* Sources */ = {
			isa = PBXSourcesBuildPhase;
			buildActionMask = 2147483647;
			files = (
				C7D78BFF251CBB9C001757EA /* ViewController.m in Sources */,
				C7D78C07251CBB9D001757EA /* main.m in Sources */,
				C7D78BFC251CBB9C001757EA /* AppDelegate.m in Sources */,
			);
			runOnlyForDeploymentPostprocessing = 0;
		};
/* End PBXSourcesBuildPhase section */

/* Begin PBXVariantGroup section */
		C7D78C02251CBB9D001757EA /* Main.storyboard */ = {
			isa = PBXVariantGroup;
			children = (
				C7D78C03251CBB9D001757EA /* Base */,
			);
			name = Main.storyboard;
			sourceTree = "<group>";
		};
/* End PBXVariantGroup section */

/* Begin XCBuildConfiguration section */
		C7D78C09251CBB9D001757EA /* Debug */ = {
			isa = XCBuildConfiguration;
			buildSettings = {
				ALWAYS_SEARCH_USER_PATHS = NO;
				CLANG_ANALYZER_NONNULL = YES;
				CLANG_ANALYZER_NUMBER_OBJECT_CONVERSION = YES_AGGRESSIVE;
				CLANG_CXX_LANGUAGE_STANDARD = "gnu++14";
				CLANG_CXX_LIBRARY = "libc++";
				CLANG_ENABLE_MODULES = YES;
				CLANG_ENABLE_OBJC_ARC = YES;
				CLANG_ENABLE_OBJC_WEAK = YES;
				CLANG_WARN_BLOCK_CAPTURE_AUTORELEASING = YES;
				CLANG_WARN_BOOL_CONVERSION = YES;
				CLANG_WARN_COMMA = YES;
				CLANG_WARN_CONSTANT_CONVERSION = YES;
				CLANG_WARN_DEPRECATED_OBJC_IMPLEMENTATIONS = YES;
				CLANG_WARN_DIRECT_OBJC_ISA_USAGE = YES_ERROR;
				CLANG_WARN_DOCUMENTATION_COMMENTS = YES;
				CLANG_WARN_EMPTY_BODY = YES;
				CLANG_WARN_ENUM_CONVERSION = YES;
				CLANG_WARN_INFINITE_RECURSION = YES;
				CLANG_WARN_INT_CONVERSION = YES;
				CLANG_WARN_NON_LITERAL_NULL_CONVERSION = YES;
				CLANG_WARN_OBJC_IMPLICIT_RETAIN_SELF = YES;
				CLANG_WARN_OBJC_LITERAL_CONVERSION = YES;
				CLANG_WARN_OBJC_ROOT_CLASS = YES_ERROR;
				CLANG_WARN_QUOTED_INCLUDE_IN_FRAMEWORK_HEADER = YES;
				CLANG_WARN_RANGE_LOOP_ANALYSIS = YES;
				CLANG_WARN_STRICT_PROTOTYPES = YES;
				CLANG_WARN_SUSPICIOUS_MOVE = YES;
				CLANG_WARN_UNGUARDED_AVAILABILITY = YES_AGGRESSIVE;
				CLANG_WARN_UNREACHABLE_CODE = YES;
				CLANG_WARN__DUPLICATE_METHOD_MATCH = YES;
				COPY_PHASE_STRIP = NO;
				DEBUG_INFORMATION_FORMAT = dwarf;
				ENABLE_STRICT_OBJC_MSGSEND = YES;
				ENABLE_TESTABILITY = YES;
				GCC_C_LANGUAGE_STANDARD = gnu11;
				GCC_DYNAMIC_NO_PIC = NO;
				GCC_NO_COMMON_BLOCKS = YES;
				GCC_OPTIMIZATION_LEVEL = 0;
				GCC_PREPROCESSOR_DEFINITIONS = (
					"DEBUG=1",
					"$(inherited)",
				);
				GCC_WARN_64_TO_32_BIT_CONVERSION = YES;
				GCC_WARN_ABOUT_RETURN_TYPE = YES_ERROR;
				GCC_WARN_UNDECLARED_SELECTOR = YES;
				GCC_WARN_UNINITIALIZED_AUTOS = YES_AGGRESSIVE;
				GCC_WARN_UNUSED_FUNCTION = YES;
				GCC_WARN_UNUSED_VARIABLE = YES;
				MACOSX_DEPLOYMENT_TARGET = 10.15;
				MTL_ENABLE_DEBUG_INFO = INCLUDE_SOURCE;
				MTL_FAST_MATH = YES;
				ONLY_ACTIVE_ARCH = YES;
				SDKROOT = macosx;
			};
			name = Debug;
		};
		C7D78C0A251CBB9D001757EA /* Release */ = {
			isa = XCBuildConfiguration;
			buildSettings = {
				ALWAYS_SEARCH_USER_PATHS = NO;
				CLANG_ANALYZER_NONNULL = YES;
				CLANG_ANALYZER_NUMBER_OBJECT_CONVERSION = YES_AGGRESSIVE;
				CLANG_CXX_LANGUAGE_STANDARD = "gnu++14";
				CLANG_CXX_LIBRARY = "libc++";
				CLANG_ENABLE_MODULES = YES;
				CLANG_ENABLE_OBJC_ARC = YES;
				CLANG_ENABLE_OBJC_WEAK = YES;
				CLANG_WARN_BLOCK_CAPTURE_AUTORELEASING = YES;
				CLANG_WARN_BOOL_CONVERSION = YES;
				CLANG_WARN_COMMA = YES;
				CLANG_WARN_CONSTANT_CONVERSION = YES;
				CLANG_WARN_DEPRECATED_OBJC_IMPLEMENTATIONS = YES;
				CLANG_WARN_DIRECT_OBJC_ISA_USAGE = YES_ERROR;
				CLANG_WARN_DOCUMENTATION_COMMENTS = YES;
				CLANG_WARN_EMPTY_BODY = YES;
				CLANG_WARN_ENUM_CONVERSION = YES;
				CLANG_WARN_INFINITE_RECURSION = YES;
				CLANG_WARN_INT_CONVERSION = YES;
				CLANG_WARN_NON_LITERAL_NULL_CONVERSION = YES;
				CLANG_WARN_OBJC_IMPLICIT_RETAIN_SELF = YES;
				CLANG_WARN_OBJC_LITERAL_CONVERSION = YES;
				CLANG_WARN_OBJC_ROOT_CLASS = YES_ERROR;
				CLANG_WARN_QUOTED_INCLUDE_IN_FRAMEWORK_HEADER = YES;
				CLANG_WARN_RANGE_LOOP_ANALYSIS = YES;
				CLANG_WARN_STRICT_PROTOTYPES = YES;
				CLANG_WARN_SUSPICIOUS_MOVE = YES;
				CLANG_WARN_UNGUARDED_AVAILABILITY = YES_AGGRESSIVE;
				CLANG_WARN_UNREACHABLE_CODE = YES;
				CLANG_WARN__DUPLICATE_METHOD_MATCH = YES;
				COPY_PHASE_STRIP = NO;
				DEBUG_INFORMATION_FORMAT = "dwarf-with-dsym";
				ENABLE_NS_ASSERTIONS = NO;
				ENABLE_STRICT_OBJC_MSGSEND = YES;
				GCC_C_LANGUAGE_STANDARD = gnu11;
				GCC_NO_COMMON_BLOCKS = YES;
				GCC_WARN_64_TO_32_BIT_CONVERSION = YES;
				GCC_WARN_ABOUT_RETURN_TYPE = YES_ERROR;
				GCC_WARN_UNDECLARED_SELECTOR = YES;
				GCC_WARN_UNINITIALIZED_AUTOS = YES_AGGRESSIVE;
				GCC_WARN_UNUSED_FUNCTION = YES;
				GCC_WARN_UNUSED_VARIABLE = YES;
				MACOSX_DEPLOYMENT_TARGET = 10.15;
				MTL_ENABLE_DEBUG_INFO = NO;
				MTL_FAST_MATH = YES;
				SDKROOT = macosx;
			};
			name = Release;
		};
		C7D78C0C251CBB9D001757EA /* Debug */ = {
			isa = XCBuildConfiguration;
			buildSettings = {
				ASSETCATALOG_COMPILER_APPICON_NAME = AppIcon;
				ASSETCATALOG_COMPILER_GLOBAL_ACCENT_COLOR_NAME = AccentColor;
				CODE_SIGN_ENTITLEMENTS = HookedCalculatorLauncher/HookedCalculatorLauncher.entitlements;
				CODE_SIGN_STYLE = Automatic;
				COMBINE_HIDPI_IMAGES = YES;
				DEVELOPMENT_TEAM = ZGPD5AZZCP;
				ENABLE_HARDENED_RUNTIME = YES;
				INFOPLIST_FILE = HookedCalculatorLauncher/Info.plist;
				LD_RUNPATH_SEARCH_PATHS = (
					"$(inherited)",
					"@executable_path/../Frameworks",
				);
				PRODUCT_BUNDLE_IDENTIFIER = com.lugeek.HookedCalculatorLauncher;
				PRODUCT_NAME = "$(TARGET_NAME)";
			};
			name = Debug;
		};
		C7D78C0D251CBB9D001757EA /* Release */ = {
			isa = XCBuildConfiguration;
			buildSettings = {
				ASSETCATALOG_COMPILER_APPICON_NAME = AppIcon;
				ASSETCATALOG_COMPILER_GLOBAL_ACCENT_COLOR_NAME = AccentColor;
				CODE_SIGN_ENTITLEMENTS = HookedCalculatorLauncher/HookedCalculatorLauncher.entitlements;
				CODE_SIGN_STYLE = Automatic;
				COMBINE_HIDPI_IMAGES = YES;
				DEVELOPMENT_TEAM = ZGPD5AZZCP;
				ENABLE_HARDENED_RUNTIME = YES;
				INFOPLIST_FILE = HookedCalculatorLauncher/Info.plist;
				LD_RUNPATH_SEARCH_PATHS = (
					"$(inherited)",
					"@executable_path/../Frameworks",
				);
				PRODUCT_BUNDLE_IDENTIFIER = com.lugeek.HookedCalculatorLauncher;
				PRODUCT_NAME = "$(TARGET_NAME)";
			};
			name = Release;
		};
/* End XCBuildConfiguration section */

/* Begin XCConfigurationList section */
		C7D78BF2251CBB9C001757EA /* Build configuration list for PBXProject "HookedCalculatorLauncher" */ = {
			isa = XCConfigurationList;
			buildConfigurations = (
				C7D78C09251CBB9D001757EA /* Debug */,
				C7D78C0A251CBB9D001757EA /* Release */,
			);
			defaultConfigurationIsVisible = 0;
			defaultConfigurationName = Release;
		};
		C7D78C0B251CBB9D001757EA /* Build configuration list for PBXNativeTarget "HookedCalculatorLauncher" */ = {
			isa = XCConfigurationList;
			buildConfigurations = (
				C7D78C0C251CBB9D001757EA /* Debug */,
				C7D78C0D251CBB9D001757EA /* Release */,
			);
			defaultConfigurationIsVisible = 0;
			defaultConfigurationName = Release;
		};
/* End XCConfigurationList section */
	};
	rootObject = C7D78BEF251CBB9C001757EA /* Project object */;
}
